
Microsoft Visual Studio Solution File, Format Version 12.00
# Visual Studio Version 17
VisualStudioVersion = 17.7.34003.232
MinimumVisualStudioVersion = 10.0.40219.1
Project("{FAE04EC0-301F-11D3-BF4B-00C04F79EFBC}") = "TikTacToe", "TikTacToe.csproj", "{53C6C794-54FC-4DC5-83EF-4DAA9A302157}"
EndProject
Global
	GlobalSection(SolutionConfigurationPlatforms) = preSolution
		Debug|Any CPU = Debug|Any CPU
		Release|Any CPU = Release|Any CPU
	EndGlobalSection
	GlobalSection(ProjectConfigurationPlatforms) = postSolution
		{53C6C794-54FC-4DC5-83EF-4DAA9A302157}.Debug|Any CPU.ActiveCfg = Debug|Any CPU
		{53C6C794-54FC-4DC5-83EF-4DAA9A302157}.Debug|Any CPU.Build.0 = Debug|Any CPU
		{53C6C794-54FC-4DC5-83EF-4DAA9A302157}.Release|Any CPU.ActiveCfg = Release|Any CPU
		{53C6C794-54FC-4DC5-83EF-4DAA9A302157}.Release|Any CPU.Build.0 = Release|Any CPU
	EndGlobalSection
	GlobalSection(SolutionProperties) = preSolution
		HideSolutionNode = FALSE
	EndGlobalSection
	GlobalSection(ExtensibilityGlobals) = postSolution
		SolutionGuid = {7F8EA151-F96C-4354-AB70-3E9DD6E4F02E}
	EndGlobalSection
EndGlobal
